// !$*UTF8*$!
{
	archiveVersion = 1;
	classes = {
	};
	objectVersion = 46;
	objects = {

/* Begin PBXBuildFile section */
		248774D6F47F6CCF0BA25AFA /* Pods_Marvel_Explorer.framework in Frameworks */ = {isa = PBXBuildFile; fileRef = 7178D633B9174927C4525D38 /* Pods_Marvel_Explorer.framework */; };
		AE8013B31D00CF970065663A /* AppDelegate.swift in Sources */ = {isa = PBXBuildFile; fileRef = AE8013B21D00CF970065663A /* AppDelegate.swift */; };
		AE8013B51D00CF970065663A /* ViewController.swift in Sources */ = {isa = PBXBuildFile; fileRef = AE8013B41D00CF970065663A /* ViewController.swift */; };
		AE8013B81D00CF970065663A /* Main.storyboard in Resources */ = {isa = PBXBuildFile; fileRef = AE8013B61D00CF970065663A /* Main.storyboard */; };
		AE8013BA1D00CF970065663A /* Assets.xcassets in Resources */ = {isa = PBXBuildFile; fileRef = AE8013B91D00CF970065663A /* Assets.xcassets */; };
		AE8013BD1D00CF970065663A /* LaunchScreen.storyboard in Resources */ = {isa = PBXBuildFile; fileRef = AE8013BB1D00CF970065663A /* LaunchScreen.storyboard */; };
		AE9F5ED01D03775F00634A38 /* Character.swift in Sources */ = {isa = PBXBuildFile; fileRef = AE9F5ECF1D03775F00634A38 /* Character.swift */; };
		AEE960AF1D01E12200E14C48 /* MarvelService.swift in Sources */ = {isa = PBXBuildFile; fileRef = AEE960AE1D01E12200E14C48 /* MarvelService.swift */; };
/* End PBXBuildFile section */

/* Begin PBXFileReference section */
		22B0B6EAC23E8061EB236892 /* Pods-Marvel Explorer.debug.xcconfig */ = {isa = PBXFileReference; includeInIndex = 1; lastKnownFileType = text.xcconfig; name = "Pods-Marvel Explorer.debug.xcconfig"; path = "Pods/Target Support Files/Pods-Marvel Explorer/Pods-Marvel Explorer.debug.xcconfig"; sourceTree = "<group>"; };
		7178D633B9174927C4525D38 /* Pods_Marvel_Explorer.framework */ = {isa = PBXFileReference; explicitFileType = wrapper.framework; includeInIndex = 0; path = Pods_Marvel_Explorer.framework; sourceTree = BUILT_PRODUCTS_DIR; };
		953631BDFA2A90F1A3C8AA4D /* Pods-Marvel Explorer.release.xcconfig */ = {isa = PBXFileReference; includeInIndex = 1; lastKnownFileType = text.xcconfig; name = "Pods-Marvel Explorer.release.xcconfig"; path = "Pods/Target Support Files/Pods-Marvel Explorer/Pods-Marvel Explorer.release.xcconfig"; sourceTree = "<group>"; };
		AE8013AF1D00CF970065663A /* Marvel Explorer.app */ = {isa = PBXFileReference; explicitFileType = wrapper.application; includeInIndex = 0; path = "Marvel Explorer.app"; sourceTree = BUILT_PRODUCTS_DIR; };
		AE8013B21D00CF970065663A /* AppDelegate.swift */ = {isa = PBXFileReference; lastKnownFileType = sourcecode.swift; path = AppDelegate.swift; sourceTree = "<group>"; };
		AE8013B41D00CF970065663A /* ViewController.swift */ = {isa = PBXFileReference; lastKnownFileType = sourcecode.swift; path = ViewController.swift; sourceTree = "<group>"; };
		AE8013B71D00CF970065663A /* Base */ = {isa = PBXFileReference; lastKnownFileType = file.storyboard; name = Base; path = Base.lproj/Main.storyboard; sourceTree = "<group>"; };
		AE8013B91D00CF970065663A /* Assets.xcassets */ = {isa = PBXFileReference; lastKnownFileType = folder.assetcatalog; path = Assets.xcassets; sourceTree = "<group>"; };
		AE8013BC1D00CF970065663A /* Base */ = {isa = PBXFileReference; lastKnownFileType = file.storyboard; name = Base; path = Base.lproj/LaunchScreen.storyboard; sourceTree = "<group>"; };
		AE8013BE1D00CF970065663A /* Info.plist */ = {isa = PBXFileReference; lastKnownFileType = text.plist.xml; path = Info.plist; sourceTree = "<group>"; };
		AE9F5ECF1D03775F00634A38 /* Character.swift */ = {isa = PBXFileReference; fileEncoding = 4; lastKnownFileType = sourcecode.swift; path = Character.swift; sourceTree = "<group>"; };
		AEE960AE1D01E12200E14C48 /* MarvelService.swift */ = {isa = PBXFileReference; fileEncoding = 4; lastKnownFileType = sourcecode.swift; path = MarvelService.swift; sourceTree = "<group>"; };
/* End PBXFileReference section */

/* Begin PBXFrameworksBuildPhase section */
		AE8013AC1D00CF970065663A /* Frameworks */ = {
			isa = PBXFrameworksBuildPhase;
			buildActionMask = 2147483647;
			files = (
				248774D6F47F6CCF0BA25AFA /* Pods_Marvel_Explorer.framework in Frameworks */,
			);
			runOnlyForDeploymentPostprocessing = 0;
		};
/* End PBXFrameworksBuildPhase section */

/* Begin PBXGroup section */
		AE8013A61D00CF970065663A = {
			isa = PBXGroup;
			children = (
				AE8013B11D00CF970065663A /* Marvel Explorer */,
				AE8013B01D00CF970065663A /* Products */,
				E321A5974EAE52AB86E1954D /* Pods */,
				D3FBA89C9E25D81B5ADD083D /* Frameworks */,
			);
			sourceTree = "<group>";
		};
		AE8013B01D00CF970065663A /* Products */ = {
			isa = PBXGroup;
			children = (
				AE8013AF1D00CF970065663A /* Marvel Explorer.app */,
			);
			name = Products;
			sourceTree = "<group>";
		};
		AE8013B11D00CF970065663A /* Marvel Explorer */ = {
			isa = PBXGroup;
			children = (
				AE9F5ECE1D03770B00634A38 /* Models */,
				AE8013B21D00CF970065663A /* AppDelegate.swift */,
				AE8013B41D00CF970065663A /* ViewController.swift */,
				AE8013B61D00CF970065663A /* Main.storyboard */,
				AE8013B91D00CF970065663A /* Assets.xcassets */,
				AE8013BB1D00CF970065663A /* LaunchScreen.storyboard */,
				AE8013BE1D00CF970065663A /* Info.plist */,
				AEE960AE1D01E12200E14C48 /* MarvelService.swift */,
			);
			path = "Marvel Explorer";
			sourceTree = "<group>";
		};
		AE9F5ECE1D03770B00634A38 /* Models */ = {
			isa = PBXGroup;
			children = (
				AE9F5ECF1D03775F00634A38 /* Character.swift */,
			);
			name = Models;
			sourceTree = "<group>";
		};
		D3FBA89C9E25D81B5ADD083D /* Frameworks */ = {
			isa = PBXGroup;
			children = (
				7178D633B9174927C4525D38 /* Pods_Marvel_Explorer.framework */,
			);
			name = Frameworks;
			sourceTree = "<group>";
		};
		E321A5974EAE52AB86E1954D /* Pods */ = {
			isa = PBXGroup;
			children = (
				22B0B6EAC23E8061EB236892 /* Pods-Marvel Explorer.debug.xcconfig */,
				953631BDFA2A90F1A3C8AA4D /* Pods-Marvel Explorer.release.xcconfig */,
			);
			name = Pods;
			sourceTree = "<group>";
		};
/* End PBXGroup section */

/* Begin PBXNativeTarget section */
		AE8013AE1D00CF970065663A /* Marvel Explorer */ = {
			isa = PBXNativeTarget;
			buildConfigurationList = AE8013C11D00CF970065663A /* Build configuration list for PBXNativeTarget "Marvel Explorer" */;
			buildPhases = (
				35DD62D2A351E800138B60F7 /* 📦 Check Pods Manifest.lock */,
				AE8013AB1D00CF970065663A /* Sources */,
				AE8013AC1D00CF970065663A /* Frameworks */,
				AE8013AD1D00CF970065663A /* Resources */,
				EA77EAA17C619ECFC13F9BDF /* 📦 Embed Pods Frameworks */,
				1F96C30B8C838A86F7F30D7A /* 📦 Copy Pods Resources */,
			);
			buildRules = (
			);
			dependencies = (
			);
			name = "Marvel Explorer";
			productName = "Marvel Explorer";
			productReference = AE8013AF1D00CF970065663A /* Marvel Explorer.app */;
			productType = "com.apple.product-type.application";
		};
/* End PBXNativeTarget section */

/* Begin PBXProject section */
		AE8013A71D00CF970065663A /* Project object */ = {
			isa = PBXProject;
			attributes = {
				LastSwiftUpdateCheck = 0730;
				LastUpgradeCheck = 0730;
				ORGANIZATIONNAME = dignmg;
				TargetAttributes = {
					AE8013AE1D00CF970065663A = {
						CreatedOnToolsVersion = 7.3.1;
					};
				};
			};
			buildConfigurationList = AE8013AA1D00CF970065663A /* Build configuration list for PBXProject "Marvel Explorer" */;
			compatibilityVersion = "Xcode 3.2";
			developmentRegion = English;
			hasScannedForEncodings = 0;
			knownRegions = (
				en,
				Base,
			);
			mainGroup = AE8013A61D00CF970065663A;
			productRefGroup = AE8013B01D00CF970065663A /* Products */;
			projectDirPath = "";
			projectRoot = "";
			targets = (
				AE8013AE1D00CF970065663A /* Marvel Explorer */,
			);
		};
/* End PBXProject section */

/* Begin PBXResourcesBuildPhase section */
		AE8013AD1D00CF970065663A /* Resources */ = {
			isa = PBXResourcesBuildPhase;
			buildActionMask = 2147483647;
			files = (
				AE8013BD1D00CF970065663A /* LaunchScreen.storyboard in Resources */,
				AE8013BA1D00CF970065663A /* Assets.xcassets in Resources */,
				AE8013B81D00CF970065663A /* Main.storyboard in Resources */,
			);
			runOnlyForDeploymentPostprocessing = 0;
		};
/* End PBXResourcesBuildPhase section */

/* Begin PBXShellScriptBuildPhase section */
		1F96C30B8C838A86F7F30D7A /* 📦 Copy Pods Resources */ = {
			isa = PBXShellScriptBuildPhase;
			buildActionMask = 2147483647;
			files = (
			);
			inputPaths = (
			);
			name = "📦 Copy Pods Resources";
			outputPaths = (
			);
			runOnlyForDeploymentPostprocessing = 0;
			shellPath = /bin/sh;
			shellScript = "\"${SRCROOT}/Pods/Target Support Files/Pods-Marvel Explorer/Pods-Marvel Explorer-resources.sh\"\n";
			showEnvVarsInLog = 0;
		};
		35DD62D2A351E800138B60F7 /* 📦 Check Pods Manifest.lock */ = {
			isa = PBXShellScriptBuildPhase;
			buildActionMask = 2147483647;
			files = (
			);
			inputPaths = (
			);
			name = "📦 Check Pods Manifest.lock";
			outputPaths = (
			);
			runOnlyForDeploymentPostprocessing = 0;
			shellPath = /bin/sh;
			shellScript = "diff \"${PODS_ROOT}/../Podfile.lock\" \"${PODS_ROOT}/Manifest.lock\" > /dev/null\nif [[ $? != 0 ]] ; then\n    cat << EOM\nerror: The sandbox is not in sync with the Podfile.lock. Run 'pod install' or update your CocoaPods installation.\nEOM\n    exit 1\nfi\n";
			showEnvVarsInLog = 0;
		};
		EA77EAA17C619ECFC13F9BDF /* 📦 Embed Pods Frameworks */ = {
			isa = PBXShellScriptBuildPhase;
			buildActionMask = 2147483647;
			files = (
			);
			inputPaths = (
			);
			name = "📦 Embed Pods Frameworks";
			outputPaths = (
			);
			runOnlyForDeploymentPostprocessing = 0;
			shellPath = /bin/sh;
			shellScript = "\"${SRCROOT}/Pods/Target Support Files/Pods-Marvel Explorer/Pods-Marvel Explorer-frameworks.sh\"\n";
			showEnvVarsInLog = 0;
		};
/* End PBXShellScriptBuildPhase section */

/* Begin PBXSourcesBuildPhase section */
		AE8013AB1D00CF970065663A /* Sources */ = {
			isa = PBXSourcesBuildPhase;
			buildActionMask = 2147483647;
			files = (
				AE8013B51D00CF970065663A /* ViewController.swift in Sources */,
				AEE960AF1D01E12200E14C48 /* MarvelService.swift in Sources */,
				AE8013B31D00CF970065663A /* AppDelegate.swift in Sources */,
				AE9F5ED01D03775F00634A38 /* Character.swift in Sources */,
			);
			runOnlyForDeploymentPostprocessing = 0;
		};
/* End PBXSourcesBuildPhase section */

/* Begin PBXVariantGroup section */
		AE8013B61D00CF970065663A /* Main.storyboard */ = {
			isa = PBXVariantGroup;
			children = (
				AE8013B71D00CF970065663A /* Base */,
			);
			name = Main.storyboard;
			sourceTree = "<group>";
		};
		AE8013BB1D00CF970065663A /* LaunchScreen.storyboard */ = {
			isa = PBXVariantGroup;
			children = (
				AE8013BC1D00CF970065663A /* Base */,
			);
			name = LaunchScreen.storyboard;
			sourceTree = "<group>";
		};
/* End PBXVariantGroup section */

/* Begin XCBuildConfiguration section */
		AE8013BF1D00CF970065663A /* Debug */ = {
			isa = XCBuildConfiguration;
			buildSettings = {
				ALWAYS_SEARCH_USER_PATHS = NO;
				CLANG_ANALYZER_NONNULL = YES;
				CLANG_CXX_LANGUAGE_STANDARD = "gnu++0x";
				CLANG_CXX_LIBRARY = "libc++";
				CLANG_ENABLE_MODULES = YES;
				CLANG_ENABLE_OBJC_ARC = YES;
				CLANG_WARN_BOOL_CONVERSION = YES;
				CLANG_WARN_CONSTANT_CONVERSION = YES;
				CLANG_WARN_DIRECT_OBJC_ISA_USAGE = YES_ERROR;
				CLANG_WARN_EMPTY_BODY = YES;
				CLANG_WARN_ENUM_CONVERSION = YES;
				CLANG_WARN_INT_CONVERSION = YES;
				CLANG_WARN_OBJC_ROOT_CLASS = YES_ERROR;
				CLANG_WARN_UNREACHABLE_CODE = YES;
				CLANG_WARN__DUPLICATE_METHOD_MATCH = YES;
				"CODE_SIGN_IDENTITY[sdk=iphoneos*]" = "iPhone Developer";
				COPY_PHASE_STRIP = NO;
				DEBUG_INFORMATION_FORMAT = dwarf;
				ENABLE_STRICT_OBJC_MSGSEND = YES;
				ENABLE_TESTABILITY = YES;
				GCC_C_LANGUAGE_STANDARD = gnu99;
				GCC_DYNAMIC_NO_PIC = NO;
				GCC_NO_COMMON_BLOCKS = YES;
				GCC_OPTIMIZATION_LEVEL = 0;
				GCC_PREPROCESSOR_DEFINITIONS = (
					"DEBUG=1",
					"$(inherited)",
				);
				GCC_WARN_64_TO_32_BIT_CONVERSION = YES;
				GCC_WARN_ABOUT_RETURN_TYPE = YES_ERROR;
				GCC_WARN_UNDECLARED_SELECTOR = YES;
				GCC_WARN_UNINITIALIZED_AUTOS = YES_AGGRESSIVE;
				GCC_WARN_UNUSED_FUNCTION = YES;
				GCC_WARN_UNUSED_VARIABLE = YES;
				IPHONEOS_DEPLOYMENT_TARGET = 9.3;
				MTL_ENABLE_DEBUG_INFO = YES;
				ONLY_ACTIVE_ARCH = YES;
				SDKROOT = iphoneos;
				SWIFT_OPTIMIZATION_LEVEL = "-Onone";
				TARGETED_DEVICE_FAMILY = "1,2";
			};
			name = Debug;
		};
		AE8013C01D00CF970065663A /* Release */ = {
			isa = XCBuildConfiguration;
			buildSettings = {
				ALWAYS_SEARCH_USER_PATHS = NO;
				CLANG_ANALYZER_NONNULL = YES;
				CLANG_CXX_LANGUAGE_STANDARD = "gnu++0x";
				CLANG_CXX_LIBRARY = "libc++";
				CLANG_ENABLE_MODULES = YES;
				CLANG_ENABLE_OBJC_ARC = YES;
				CLANG_WARN_BOOL_CONVERSION = YES;
				CLANG_WARN_CONSTANT_CONVERSION = YES;
				CLANG_WARN_DIRECT_OBJC_ISA_USAGE = YES_ERROR;
				CLANG_WARN_EMPTY_BODY = YES;
				CLANG_WARN_ENUM_CONVERSION = YES;
				CLANG_WARN_INT_CONVERSION = YES;
				CLANG_WARN_OBJC_ROOT_CLASS = YES_ERROR;
				CLANG_WARN_UNREACHABLE_CODE = YES;
				CLANG_WARN__DUPLICATE_METHOD_MATCH = YES;
				"CODE_SIGN_IDENTITY[sdk=iphoneos*]" = "iPhone Developer";
				COPY_PHASE_STRIP = NO;
				DEBUG_INFORMATION_FORMAT = "dwarf-with-dsym";
				ENABLE_NS_ASSERTIONS = NO;
				ENABLE_STRICT_OBJC_MSGSEND = YES;
				GCC_C_LANGUAGE_STANDARD = gnu99;
				GCC_NO_COMMON_BLOCKS = YES;
				GCC_WARN_64_TO_32_BIT_CONVERSION = YES;
				GCC_WARN_ABOUT_RETURN_TYPE = YES_ERROR;
				GCC_WARN_UNDECLARED_SELECTOR = YES;
				GCC_WARN_UNINITIALIZED_AUTOS = YES_AGGRESSIVE;
				GCC_WARN_UNUSED_FUNCTION = YES;
				GCC_WARN_UNUSED_VARIABLE = YES;
				IPHONEOS_DEPLOYMENT_TARGET = 9.3;
				MTL_ENABLE_DEBUG_INFO = NO;
				SDKROOT = iphoneos;
				TARGETED_DEVICE_FAMILY = "1,2";
				VALIDATE_PRODUCT = YES;
			};
			name = Release;
		};
		AE8013C21D00CF970065663A /* Debug */ = {
			isa = XCBuildConfiguration;
			baseConfigurationReference = 22B0B6EAC23E8061EB236892 /* Pods-Marvel Explorer.debug.xcconfig */;
			buildSettings = {
				ASSETCATALOG_COMPILER_APPICON_NAME = AppIcon;
				INFOPLIST_FILE = "Marvel Explorer/Info.plist";
				LD_RUNPATH_SEARCH_PATHS = "$(inherited) @executable_path/Frameworks";
				PRODUCT_BUNDLE_IDENTIFIER = "com.dignmg.Marvel-Explorer";
				PRODUCT_NAME = "$(TARGET_NAME)";
			};
			name = Debug;
		};
		AE8013C31D00CF970065663A /* Release */ = {
			isa = XCBuildConfiguration;
			baseConfigurationReference = 953631BDFA2A90F1A3C8AA4D /* Pods-Marvel Explorer.release.xcconfig */;
			buildSettings = {
				ASSETCATALOG_COMPILER_APPICON_NAME = AppIcon;
				INFOPLIST_FILE = "Marvel Explorer/Info.plist";
				LD_RUNPATH_SEARCH_PATHS = "$(inherited) @executable_path/Frameworks";
				PRODUCT_BUNDLE_IDENTIFIER = "com.dignmg.Marvel-Explorer";
				PRODUCT_NAME = "$(TARGET_NAME)";
			};
			name = Release;
		};
/* End XCBuildConfiguration section */

/* Begin XCConfigurationList section */
		AE8013AA1D00CF970065663A /* Build configuration list for PBXProject "Marvel Explorer" */ = {
			isa = XCConfigurationList;
			buildConfigurations = (
				AE8013BF1D00CF970065663A /* Debug */,
				AE8013C01D00CF970065663A /* Release */,
			);
			defaultConfigurationIsVisible = 0;
			defaultConfigurationName = Release;
		};
		AE8013C11D00CF970065663A /* Build configuration list for PBXNativeTarget "Marvel Explorer" */ = {
			isa = XCConfigurationList;
			buildConfigurations = (
				AE8013C21D00CF970065663A /* Debug */,
				AE8013C31D00CF970065663A /* Release */,
			);
			defaultConfigurationIsVisible = 0;
			defaultConfigurationName = Release;
		};
/* End XCConfigurationList section */
	};
	rootObject = AE8013A71D00CF970065663A /* Project object */;
}
